// !$*UTF8*$!
{
	archiveVersion = 1;
	classes = {
	};
	objectVersion = 56;
	objects = {

/* Begin PBXBuildFile section */
		711711342BB468C10059EB29 /* NetworkCall.swift in Sources */ = {isa = PBXBuildFile; fileRef = 711711332BB468C10059EB29 /* NetworkCall.swift */; };
		711711362BB49A940059EB29 /* EventRow.swift in Sources */ = {isa = PBXBuildFile; fileRef = 711711352BB49A940059EB29 /* EventRow.swift */; };
		712EAF2B2B9F955300E4F01F /* BuildingCard.swift in Sources */ = {isa = PBXBuildFile; fileRef = 712EAF2A2B9F955300E4F01F /* BuildingCard.swift */; };
		718061772BBDA61300159A76 /* RoomRow.swift in Sources */ = {isa = PBXBuildFile; fileRef = 718061762BBDA61300159A76 /* RoomRow.swift */; };
		7180617A2BBDF22800159A76 /* Model.xcdatamodeld in Sources */ = {isa = PBXBuildFile; fileRef = 718061782BBDF22800159A76 /* Model.xcdatamodeld */; };
		71823CC32B8CDE70007C65E1 /* Room_MateApp.swift in Sources */ = {isa = PBXBuildFile; fileRef = 71823CC22B8CDE70007C65E1 /* Room_MateApp.swift */; };
		71823CC52B8CDE70007C65E1 /* ContentView.swift in Sources */ = {isa = PBXBuildFile; fileRef = 71823CC42B8CDE70007C65E1 /* ContentView.swift */; };
		71823CC72B8CDE71007C65E1 /* Assets.xcassets in Resources */ = {isa = PBXBuildFile; fileRef = 71823CC62B8CDE71007C65E1 /* Assets.xcassets */; };
		71823CCA2B8CDE71007C65E1 /* Preview Assets.xcassets in Resources */ = {isa = PBXBuildFile; fileRef = 71823CC92B8CDE71007C65E1 /* Preview Assets.xcassets */; };
/* End PBXBuildFile section */

/* Begin PBXFileReference section */
		711711332BB468C10059EB29 /* NetworkCall.swift */ = {isa = PBXFileReference; lastKnownFileType = sourcecode.swift; path = NetworkCall.swift; sourceTree = "<group>"; };
		711711352BB49A940059EB29 /* EventRow.swift */ = {isa = PBXFileReference; lastKnownFileType = sourcecode.swift; path = EventRow.swift; sourceTree = "<group>"; };
		712EAF2A2B9F955300E4F01F /* BuildingCard.swift */ = {isa = PBXFileReference; lastKnownFileType = sourcecode.swift; path = BuildingCard.swift; sourceTree = "<group>"; };
		718061762BBDA61300159A76 /* RoomRow.swift */ = {isa = PBXFileReference; lastKnownFileType = sourcecode.swift; path = RoomRow.swift; sourceTree = "<group>"; };
		718061792BBDF22800159A76 /* Model.xcdatamodel */ = {isa = PBXFileReference; lastKnownFileType = wrapper.xcdatamodel; path = Model.xcdatamodel; sourceTree = "<group>"; };
		71823CBF2B8CDE70007C65E1 /* Room Mate.app */ = {isa = PBXFileReference; explicitFileType = wrapper.application; includeInIndex = 0; path = "Room Mate.app"; sourceTree = BUILT_PRODUCTS_DIR; };
		71823CC22B8CDE70007C65E1 /* Room_MateApp.swift */ = {isa = PBXFileReference; lastKnownFileType = sourcecode.swift; path = Room_MateApp.swift; sourceTree = "<group>"; };
		71823CC42B8CDE70007C65E1 /* ContentView.swift */ = {isa = PBXFileReference; lastKnownFileType = sourcecode.swift; path = ContentView.swift; sourceTree = "<group>"; };
		71823CC62B8CDE71007C65E1 /* Assets.xcassets */ = {isa = PBXFileReference; lastKnownFileType = folder.assetcatalog; path = Assets.xcassets; sourceTree = "<group>"; };
		71823CC92B8CDE71007C65E1 /* Preview Assets.xcassets */ = {isa = PBXFileReference; lastKnownFileType = folder.assetcatalog; path = "Preview Assets.xcassets"; sourceTree = "<group>"; };
/* End PBXFileReference section */

/* Begin PBXFrameworksBuildPhase section */
		71823CBC2B8CDE70007C65E1 /* Frameworks */ = {
			isa = PBXFrameworksBuildPhase;
			buildActionMask = 2147483647;
			files = (
			);
			runOnlyForDeploymentPostprocessing = 0;
		};
/* End PBXFrameworksBuildPhase section */

/* Begin PBXGroup section */
		71823CB62B8CDE70007C65E1 = {
			isa = PBXGroup;
			children = (
				71823CC12B8CDE70007C65E1 /* Room Mate */,
				71823CC02B8CDE70007C65E1 /* Products */,
			);
			sourceTree = "<group>";
		};
		71823CC02B8CDE70007C65E1 /* Products */ = {
			isa = PBXGroup;
			children = (
				71823CBF2B8CDE70007C65E1 /* Room Mate.app */,
			);
			name = Products;
			sourceTree = "<group>";
		};
		71823CC12B8CDE70007C65E1 /* Room Mate */ = {
			isa = PBXGroup;
			children = (
				71823CC22B8CDE70007C65E1 /* Room_MateApp.swift */,
				71823CC42B8CDE70007C65E1 /* ContentView.swift */,
				711711352BB49A940059EB29 /* EventRow.swift */,
				718061762BBDA61300159A76 /* RoomRow.swift */,
				712EAF2A2B9F955300E4F01F /* BuildingCard.swift */,
				71823CC62B8CDE71007C65E1 /* Assets.xcassets */,
				71823CC82B8CDE71007C65E1 /* Preview Content */,
				711711332BB468C10059EB29 /* NetworkCall.swift */,
				718061782BBDF22800159A76 /* Model.xcdatamodeld */,
			);
			path = "Room Mate";
			sourceTree = "<group>";
		};
		71823CC82B8CDE71007C65E1 /* Preview Content */ = {
			isa = PBXGroup;
			children = (
				71823CC92B8CDE71007C65E1 /* Preview Assets.xcassets */,
			);
			path = "Preview Content";
			sourceTree = "<group>";
		};
/* End PBXGroup section */

/* Begin PBXNativeTarget section */
		71823CBE2B8CDE70007C65E1 /* Room Mate */ = {
			isa = PBXNativeTarget;
			buildConfigurationList = 71823CCD2B8CDE71007C65E1 /* Build configuration list for PBXNativeTarget "Room Mate" */;
			buildPhases = (
				71823CBB2B8CDE70007C65E1 /* Sources */,
				71823CBC2B8CDE70007C65E1 /* Frameworks */,
				71823CBD2B8CDE70007C65E1 /* Resources */,
			);
			buildRules = (
			);
			dependencies = (
			);
			name = "Room Mate";
			productName = "Room Mate";
			productReference = 71823CBF2B8CDE70007C65E1 /* Room Mate.app */;
			productType = "com.apple.product-type.application";
		};
/* End PBXNativeTarget section */

/* Begin PBXProject section */
		71823CB72B8CDE70007C65E1 /* Project object */ = {
			isa = PBXProject;
			attributes = {
				BuildIndependentTargetsInParallel = 1;
				LastSwiftUpdateCheck = 1520;
				LastUpgradeCheck = 1520;
				TargetAttributes = {
					71823CBE2B8CDE70007C65E1 = {
						CreatedOnToolsVersion = 15.2;
					};
				};
			};
			buildConfigurationList = 71823CBA2B8CDE70007C65E1 /* Build configuration list for PBXProject "Room Mate" */;
			compatibilityVersion = "Xcode 14.0";
			developmentRegion = en;
			hasScannedForEncodings = 0;
			knownRegions = (
				en,
				Base,
			);
			mainGroup = 71823CB62B8CDE70007C65E1;
			productRefGroup = 71823CC02B8CDE70007C65E1 /* Products */;
			projectDirPath = "";
			projectRoot = "";
			targets = (
				71823CBE2B8CDE70007C65E1 /* Room Mate */,
			);
		};
/* End PBXProject section */

/* Begin PBXResourcesBuildPhase section */
		71823CBD2B8CDE70007C65E1 /* Resources */ = {
			isa = PBXResourcesBuildPhase;
			buildActionMask = 2147483647;
			files = (
				71823CCA2B8CDE71007C65E1 /* Preview Assets.xcassets in Resources */,
				71823CC72B8CDE71007C65E1 /* Assets.xcassets in Resources */,
			);
			runOnlyForDeploymentPostprocessing = 0;
		};
/* End PBXResourcesBuildPhase section */

/* Begin PBXSourcesBuildPhase section */
		71823CBB2B8CDE70007C65E1 /* Sources */ = {
			isa = PBXSourcesBuildPhase;
			buildActionMask = 2147483647;
			files = (
				71823CC52B8CDE70007C65E1 /* ContentView.swift in Sources */,
				712EAF2B2B9F955300E4F01F /* BuildingCard.swift in Sources */,
				711711362BB49A940059EB29 /* EventRow.swift in Sources */,
				7180617A2BBDF22800159A76 /* Model.xcdatamodeld in Sources */,
				711711342BB468C10059EB29 /* NetworkCall.swift in Sources */,
				71823CC32B8CDE70007C65E1 /* Room_MateApp.swift in Sources */,
				718061772BBDA61300159A76 /* RoomRow.swift in Sources */,
			);
			runOnlyForDeploymentPostprocessing = 0;
		};
/* End PBXSourcesBuildPhase section */

/* Begin XCBuildConfiguration section */
		71823CCB2B8CDE71007C65E1 /* Debug */ = {
			isa = XCBuildConfiguration;
			buildSettings = {
				ALWAYS_SEARCH_USER_PATHS = NO;
				ASSETCATALOG_COMPILER_GENERATE_SWIFT_ASSET_SYMBOL_EXTENSIONS = YES;
				CLANG_ANALYZER_NONNULL = YES;
				CLANG_ANALYZER_NUMBER_OBJECT_CONVERSION = YES_AGGRESSIVE;
				CLANG_CXX_LANGUAGE_STANDARD = "gnu++20";
				CLANG_ENABLE_MODULES = YES;
				CLANG_ENABLE_OBJC_ARC = YES;
				CLANG_ENABLE_OBJC_WEAK = YES;
				CLANG_WARN_BLOCK_CAPTURE_AUTORELEASING = YES;
				CLANG_WARN_BOOL_CONVERSION = YES;
				CLANG_WARN_COMMA = YES;
				CLANG_WARN_CONSTANT_CONVERSION = YES;
				CLANG_WARN_DEPRECATED_OBJC_IMPLEMENTATIONS = YES;
				CLANG_WARN_DIRECT_OBJC_ISA_USAGE = YES_ERROR;
				CLANG_WARN_DOCUMENTATION_COMMENTS = YES;
				CLANG_WARN_EMPTY_BODY = YES;
				CLANG_WARN_ENUM_CONVERSION = YES;
				CLANG_WARN_INFINITE_RECURSION = YES;
				CLANG_WARN_INT_CONVERSION = YES;
				CLANG_WARN_NON_LITERAL_NULL_CONVERSION = YES;
				CLANG_WARN_OBJC_IMPLICIT_RETAIN_SELF = YES;
				CLANG_WARN_OBJC_LITERAL_CONVERSION = YES;
				CLANG_WARN_OBJC_ROOT_CLASS = YES_ERROR;
				CLANG_WARN_QUOTED_INCLUDE_IN_FRAMEWORK_HEADER = YES;
				CLANG_WARN_RANGE_LOOP_ANALYSIS = YES;
				CLANG_WARN_STRICT_PROTOTYPES = YES;
				CLANG_WARN_SUSPICIOUS_MOVE = YES;
				CLANG_WARN_UNGUARDED_AVAILABILITY = YES_AGGRESSIVE;
				CLANG_WARN_UNREACHABLE_CODE = YES;
				CLANG_WARN__DUPLICATE_METHOD_MATCH = YES;
				COPY_PHASE_STRIP = NO;
				DEBUG_INFORMATION_FORMAT = dwarf;
				ENABLE_STRICT_OBJC_MSGSEND = YES;
				ENABLE_TESTABILITY = YES;
				ENABLE_USER_SCRIPT_SANDBOXING = YES;
				GCC_C_LANGUAGE_STANDARD = gnu17;
				GCC_DYNAMIC_NO_PIC = NO;
				GCC_NO_COMMON_BLOCKS = YES;
				GCC_OPTIMIZATION_LEVEL = 0;
				GCC_PREPROCESSOR_DEFINITIONS = (
					"DEBUG=1",
					"$(inherited)",
				);
				GCC_WARN_64_TO_32_BIT_CONVERSION = YES;
				GCC_WARN_ABOUT_RETURN_TYPE = YES_ERROR;
				GCC_WARN_UNDECLARED_SELECTOR = YES;
				GCC_WARN_UNINITIALIZED_AUTOS = YES_AGGRESSIVE;
				GCC_WARN_UNUSED_FUNCTION = YES;
				GCC_WARN_UNUSED_VARIABLE = YES;
				IPHONEOS_DEPLOYMENT_TARGET = 17.2;
				LOCALIZATION_PREFERS_STRING_CATALOGS = YES;
				MTL_ENABLE_DEBUG_INFO = INCLUDE_SOURCE;
				MTL_FAST_MATH = YES;
				ONLY_ACTIVE_ARCH = YES;
				SDKROOT = iphoneos;
				SWIFT_ACTIVE_COMPILATION_CONDITIONS = "DEBUG $(inherited)";
				SWIFT_OPTIMIZATION_LEVEL = "-Onone";
			};
			name = Debug;
		};
		71823CCC2B8CDE71007C65E1 /* Release */ = {
			isa = XCBuildConfiguration;
			buildSettings = {
				ALWAYS_SEARCH_USER_PATHS = NO;
				ASSETCATALOG_COMPILER_GENERATE_SWIFT_ASSET_SYMBOL_EXTENSIONS = YES;
				CLANG_ANALYZER_NONNULL = YES;
				CLANG_ANALYZER_NUMBER_OBJECT_CONVERSION = YES_AGGRESSIVE;
				CLANG_CXX_LANGUAGE_STANDARD = "gnu++20";
				CLANG_ENABLE_MODULES = YES;
				CLANG_ENABLE_OBJC_ARC = YES;
				CLANG_ENABLE_OBJC_WEAK = YES;
				CLANG_WARN_BLOCK_CAPTURE_AUTORELEASING = YES;
				CLANG_WARN_BOOL_CONVERSION = YES;
				CLANG_WARN_COMMA = YES;
				CLANG_WARN_CONSTANT_CONVERSION = YES;
				CLANG_WARN_DEPRECATED_OBJC_IMPLEMENTATIONS = YES;
				CLANG_WARN_DIRECT_OBJC_ISA_USAGE = YES_ERROR;
				CLANG_WARN_DOCUMENTATION_COMMENTS = YES;
				CLANG_WARN_EMPTY_BODY = YES;
				CLANG_WARN_ENUM_CONVERSION = YES;
				CLANG_WARN_INFINITE_RECURSION = YES;
				CLANG_WARN_INT_CONVERSION = YES;
				CLANG_WARN_NON_LITERAL_NULL_CONVERSION = YES;
				CLANG_WARN_OBJC_IMPLICIT_RETAIN_SELF = YES;
				CLANG_WARN_OBJC_LITERAL_CONVERSION = YES;
				CLANG_WARN_OBJC_ROOT_CLASS = YES_ERROR;
				CLANG_WARN_QUOTED_INCLUDE_IN_FRAMEWORK_HEADER = YES;
				CLANG_WARN_RANGE_LOOP_ANALYSIS = YES;
				CLANG_WARN_STRICT_PROTOTYPES = YES;
				CLANG_WARN_SUSPICIOUS_MOVE = YES;
				CLANG_WARN_UNGUARDED_AVAILABILITY = YES_AGGRESSIVE;
				CLANG_WARN_UNREACHABLE_CODE = YES;
				CLANG_WARN__DUPLICATE_METHOD_MATCH = YES;
				COPY_PHASE_STRIP = NO;
				DEBUG_INFORMATION_FORMAT = "dwarf-with-dsym";
				ENABLE_NS_ASSERTIONS = NO;
				ENABLE_STRICT_OBJC_MSGSEND = YES;
				ENABLE_USER_SCRIPT_SANDBOXING = YES;
				GCC_C_LANGUAGE_STANDARD = gnu17;
				GCC_NO_COMMON_BLOCKS = YES;
				GCC_WARN_64_TO_32_BIT_CONVERSION = YES;
				GCC_WARN_ABOUT_RETURN_TYPE = YES_ERROR;
				GCC_WARN_UNDECLARED_SELECTOR = YES;
				GCC_WARN_UNINITIALIZED_AUTOS = YES_AGGRESSIVE;
				GCC_WARN_UNUSED_FUNCTION = YES;
				GCC_WARN_UNUSED_VARIABLE = YES;
				IPHONEOS_DEPLOYMENT_TARGET = 17.2;
				LOCALIZATION_PREFERS_STRING_CATALOGS = YES;
				MTL_ENABLE_DEBUG_INFO = NO;
				MTL_FAST_MATH = YES;
				SDKROOT = iphoneos;
				SWIFT_COMPILATION_MODE = wholemodule;
				VALIDATE_PRODUCT = YES;
			};
			name = Release;
		};
		71823CCE2B8CDE71007C65E1 /* Debug */ = {
			isa = XCBuildConfiguration;
			buildSettings = {
				ASSETCATALOG_COMPILER_APPICON_NAME = AppIcon;
				ASSETCATALOG_COMPILER_GLOBAL_ACCENT_COLOR_NAME = AccentColor;
				CODE_SIGN_STYLE = Automatic;
				CURRENT_PROJECT_VERSION = 1;
				DEVELOPMENT_ASSET_PATHS = "\"Room Mate/Preview Content\"";
				DEVELOPMENT_TEAM = 2RP536YCSW;
				ENABLE_PREVIEWS = YES;
				GENERATE_INFOPLIST_FILE = YES;
				INFOPLIST_KEY_UIApplicationSceneManifest_Generation = YES;
				INFOPLIST_KEY_UIApplicationSupportsIndirectInputEvents = YES;
				INFOPLIST_KEY_UILaunchScreen_Generation = YES;
				INFOPLIST_KEY_UISupportedInterfaceOrientations_iPad = "UIInterfaceOrientationPortrait UIInterfaceOrientationPortraitUpsideDown UIInterfaceOrientationLandscapeLeft UIInterfaceOrientationLandscapeRight";
				INFOPLIST_KEY_UISupportedInterfaceOrientations_iPhone = "UIInterfaceOrientationPortrait UIInterfaceOrientationLandscapeLeft UIInterfaceOrientationLandscapeRight";
				LD_RUNPATH_SEARCH_PATHS = (
					"$(inherited)",
					"@executable_path/Frameworks",
				);
				MARKETING_VERSION = 1.0;
				PRODUCT_BUNDLE_IDENTIFIER = "com.setharvila.Room-Mate";
				PRODUCT_NAME = "$(TARGET_NAME)";
				SWIFT_EMIT_LOC_STRINGS = YES;
				SWIFT_VERSION = 5.0;
				TARGETED_DEVICE_FAMILY = "1,2";
			};
			name = Debug;
		};
		71823CCF2B8CDE71007C65E1 /* Release */ = {
			isa = XCBuildConfiguration;
			buildSettings = {
				ASSETCATALOG_COMPILER_APPICON_NAME = AppIcon;
				ASSETCATALOG_COMPILER_GLOBAL_ACCENT_COLOR_NAME = AccentColor;
				CODE_SIGN_STYLE = Automatic;
				CURRENT_PROJECT_VERSION = 1;
				DEVELOPMENT_ASSET_PATHS = "\"Room Mate/Preview Content\"";
				DEVELOPMENT_TEAM = 2RP536YCSW;
				ENABLE_PREVIEWS = YES;
				GENERATE_INFOPLIST_FILE = YES;
				INFOPLIST_KEY_UIApplicationSceneManifest_Generation = YES;
				INFOPLIST_KEY_UIApplicationSupportsIndirectInputEvents = YES;
				INFOPLIST_KEY_UILaunchScreen_Generation = YES;
				INFOPLIST_KEY_UISupportedInterfaceOrientations_iPad = "UIInterfaceOrientationPortrait UIInterfaceOrientationPortraitUpsideDown UIInterfaceOrientationLandscapeLeft UIInterfaceOrientationLandscapeRight";
				INFOPLIST_KEY_UISupportedInterfaceOrientations_iPhone = "UIInterfaceOrientationPortrait UIInterfaceOrientationLandscapeLeft UIInterfaceOrientationLandscapeRight";
				LD_RUNPATH_SEARCH_PATHS = (
					"$(inherited)",
					"@executable_path/Frameworks",
				);
				MARKETING_VERSION = 1.0;
				PRODUCT_BUNDLE_IDENTIFIER = "com.setharvila.Room-Mate";
				PRODUCT_NAME = "$(TARGET_NAME)";
				SWIFT_EMIT_LOC_STRINGS = YES;
				SWIFT_VERSION = 5.0;
				TARGETED_DEVICE_FAMILY = "1,2";
			};
			name = Release;
		};
/* End XCBuildConfiguration section */

/* Begin XCConfigurationList section */
		71823CBA2B8CDE70007C65E1 /* Build configuration list for PBXProject "Room Mate" */ = {
			isa = XCConfigurationList;
			buildConfigurations = (
				71823CCB2B8CDE71007C65E1 /* Debug */,
				71823CCC2B8CDE71007C65E1 /* Release */,
			);
			defaultConfigurationIsVisible = 0;
			defaultConfigurationName = Release;
		};
		71823CCD2B8CDE71007C65E1 /* Build configuration list for PBXNativeTarget "Room Mate" */ = {
			isa = XCConfigurationList;
			buildConfigurations = (
				71823CCE2B8CDE71007C65E1 /* Debug */,
				71823CCF2B8CDE71007C65E1 /* Release */,
			);
			defaultConfigurationIsVisible = 0;
			defaultConfigurationName = Release;
		};
/* End XCConfigurationList section */

/* Begin XCVersionGroup section */
		718061782BBDF22800159A76 /* Model.xcdatamodeld */ = {
			isa = XCVersionGroup;
			children = (
				718061792BBDF22800159A76 /* Model.xcdatamodel */,
			);
			currentVersion = 718061792BBDF22800159A76 /* Model.xcdatamodel */;
			name = Model.xcdatamodeld;
			path = "/Users/setharvila/Developer/Room Mate/Room Mate/Model.xcdatamodeld";
			sourceTree = "<group>";
			versionGroupType = wrapper.xcdatamodel;
		};
/* End XCVersionGroup section */
	};
	rootObject = 71823CB72B8CDE70007C65E1 /* Project object */;
}
